// !$*UTF8*$!
{
	archiveVersion = 1;
	classes = {
	};
	objectVersion = 56;
	objects = {

/* Begin PBXBuildFile section */
		FC3EFB8528E6A75900704DE3 /* SkeletonView in Frameworks */ = {isa = PBXBuildFile; productRef = FC3EFB8428E6A75900704DE3 /* SkeletonView */; };
		FC3EFB8728E6A86F00704DE3 /* PhotosViewController+SkeletonView.swift in Sources */ = {isa = PBXBuildFile; fileRef = FC3EFB8628E6A86F00704DE3 /* PhotosViewController+SkeletonView.swift */; };
		FC3EFB8A28E77D7000704DE3 /* Player in Frameworks */ = {isa = PBXBuildFile; productRef = FC3EFB8928E77D7000704DE3 /* Player */; };
		FC3EFB9428F0C30900704DE3 /* PhotoViewController.swift in Sources */ = {isa = PBXBuildFile; fileRef = FC3EFB9328F0C30900704DE3 /* PhotoViewController.swift */; };
		FC3EFB9628F0C43200704DE3 /* ImageViewerCollectionViewCell.swift in Sources */ = {isa = PBXBuildFile; fileRef = FC3EFB9528F0C43200704DE3 /* ImageViewerCollectionViewCell.swift */; };
		FC59623328E54B5B006AB3E9 /* PhotosViewController+TextField.swift in Sources */ = {isa = PBXBuildFile; fileRef = FC59623228E54B5B006AB3E9 /* PhotosViewController+TextField.swift */; };
		FC81130628E4E52C00112583 /* PhotosViewController+DatePicker.swift in Sources */ = {isa = PBXBuildFile; fileRef = FC81130528E4E52C00112583 /* PhotosViewController+DatePicker.swift */; };
		FC821D2229C6C50400890051 /* SettingsViewController.swift in Sources */ = {isa = PBXBuildFile; fileRef = FC821D2129C6C50400890051 /* SettingsViewController.swift */; };
		FC821D2729C6D48600890051 /* SwiftTipJar in Frameworks */ = {isa = PBXBuildFile; productRef = FC821D2629C6D48600890051 /* SwiftTipJar */; };
		FC821D2A29C819EA00890051 /* StoreKit.framework in Frameworks */ = {isa = PBXBuildFile; fileRef = FC821D2929C819EA00890051 /* StoreKit.framework */; };
		FC821D2C29C81A7200890051 /* Rewind: Memories on This Day.storekit in Resources */ = {isa = PBXBuildFile; fileRef = FC821D2B29C81A7200890051 /* Rewind: Memories on This Day.storekit */; };
		FC821D2E29CAB3CF00890051 /* PhotoViewController+PlayerDelegate.swift in Sources */ = {isa = PBXBuildFile; fileRef = FC821D2D29CAB3CF00890051 /* PhotoViewController+PlayerDelegate.swift */; };
		FC821D3029CACE2C00890051 /* GradientView.swift in Sources */ = {isa = PBXBuildFile; fileRef = FC821D2F29CACE2C00890051 /* GradientView.swift */; };
		FCB1DF0228D9602A00160033 /* AppDelegate.swift in Sources */ = {isa = PBXBuildFile; fileRef = FCB1DF0128D9602A00160033 /* AppDelegate.swift */; };
		FCB1DF0428D9602A00160033 /* SceneDelegate.swift in Sources */ = {isa = PBXBuildFile; fileRef = FCB1DF0328D9602A00160033 /* SceneDelegate.swift */; };
		FCB1DF0628D9602A00160033 /* PhotosViewController.swift in Sources */ = {isa = PBXBuildFile; fileRef = FCB1DF0528D9602A00160033 /* PhotosViewController.swift */; };
		FCB1DF0928D9602A00160033 /* Main.storyboard in Resources */ = {isa = PBXBuildFile; fileRef = FCB1DF0728D9602A00160033 /* Main.storyboard */; };
		FCB1DF0B28D9602C00160033 /* Assets.xcassets in Resources */ = {isa = PBXBuildFile; fileRef = FCB1DF0A28D9602C00160033 /* Assets.xcassets */; };
		FCB1DF0E28D9602C00160033 /* LaunchScreen.storyboard in Resources */ = {isa = PBXBuildFile; fileRef = FCB1DF0C28D9602C00160033 /* LaunchScreen.storyboard */; };
		FCB1DF1628D9638000160033 /* PhotosViewModel.swift in Sources */ = {isa = PBXBuildFile; fileRef = FCB1DF1528D9638000160033 /* PhotosViewModel.swift */; };
		FCB1DF1828D96DC700160033 /* PhotosViewController+CollectionView.swift in Sources */ = {isa = PBXBuildFile; fileRef = FCB1DF1728D96DC700160033 /* PhotosViewController+CollectionView.swift */; };
		FCB1DF1A28D96E6700160033 /* PhotoCollectionViewCell.swift in Sources */ = {isa = PBXBuildFile; fileRef = FCB1DF1928D96E6700160033 /* PhotoCollectionViewCell.swift */; };
		FCB1DF2028DAB11000160033 /* Helper.swift in Sources */ = {isa = PBXBuildFile; fileRef = FCB1DF1F28DAB11000160033 /* Helper.swift */; };
		FCB1DF2228DC163500160033 /* PhotoCollectionHeaderView.swift in Sources */ = {isa = PBXBuildFile; fileRef = FCB1DF2128DC163500160033 /* PhotoCollectionHeaderView.swift */; };
		FCB1DF2428DC214700160033 /* PlayerView.swift in Sources */ = {isa = PBXBuildFile; fileRef = FCB1DF2328DC214700160033 /* PlayerView.swift */; };
/* End PBXBuildFile section */

/* Begin PBXFileReference section */
		FC3EFB8628E6A86F00704DE3 /* PhotosViewController+SkeletonView.swift */ = {isa = PBXFileReference; lastKnownFileType = sourcecode.swift; path = "PhotosViewController+SkeletonView.swift"; sourceTree = "<group>"; };
		FC3EFB9328F0C30900704DE3 /* PhotoViewController.swift */ = {isa = PBXFileReference; lastKnownFileType = sourcecode.swift; path = PhotoViewController.swift; sourceTree = "<group>"; };
		FC3EFB9528F0C43200704DE3 /* ImageViewerCollectionViewCell.swift */ = {isa = PBXFileReference; lastKnownFileType = sourcecode.swift; path = ImageViewerCollectionViewCell.swift; sourceTree = "<group>"; };
		FC59623228E54B5B006AB3E9 /* PhotosViewController+TextField.swift */ = {isa = PBXFileReference; lastKnownFileType = sourcecode.swift; path = "PhotosViewController+TextField.swift"; sourceTree = "<group>"; };
		FC81130528E4E52C00112583 /* PhotosViewController+DatePicker.swift */ = {isa = PBXFileReference; lastKnownFileType = sourcecode.swift; path = "PhotosViewController+DatePicker.swift"; sourceTree = "<group>"; };
		FC821D2129C6C50400890051 /* SettingsViewController.swift */ = {isa = PBXFileReference; lastKnownFileType = sourcecode.swift; path = SettingsViewController.swift; sourceTree = "<group>"; };
		FC821D2929C819EA00890051 /* StoreKit.framework */ = {isa = PBXFileReference; lastKnownFileType = wrapper.framework; name = StoreKit.framework; path = System/Library/Frameworks/StoreKit.framework; sourceTree = SDKROOT; };
		FC821D2B29C81A7200890051 /* Rewind: Memories on This Day.storekit */ = {isa = PBXFileReference; lastKnownFileType = text; path = "Rewind: Memories on This Day.storekit"; sourceTree = "<group>"; };
		FC821D2D29CAB3CF00890051 /* PhotoViewController+PlayerDelegate.swift */ = {isa = PBXFileReference; lastKnownFileType = sourcecode.swift; path = "PhotoViewController+PlayerDelegate.swift"; sourceTree = "<group>"; };
		FC821D2F29CACE2C00890051 /* GradientView.swift */ = {isa = PBXFileReference; lastKnownFileType = sourcecode.swift; path = GradientView.swift; sourceTree = "<group>"; };
		FCB1DEFE28D9602A00160033 /* PhotoFlashBack.app */ = {isa = PBXFileReference; explicitFileType = wrapper.application; includeInIndex = 0; path = PhotoFlashBack.app; sourceTree = BUILT_PRODUCTS_DIR; };
		FCB1DF0128D9602A00160033 /* AppDelegate.swift */ = {isa = PBXFileReference; lastKnownFileType = sourcecode.swift; path = AppDelegate.swift; sourceTree = "<group>"; };
		FCB1DF0328D9602A00160033 /* SceneDelegate.swift */ = {isa = PBXFileReference; lastKnownFileType = sourcecode.swift; path = SceneDelegate.swift; sourceTree = "<group>"; };
		FCB1DF0528D9602A00160033 /* PhotosViewController.swift */ = {isa = PBXFileReference; lastKnownFileType = sourcecode.swift; path = PhotosViewController.swift; sourceTree = "<group>"; };
		FCB1DF0828D9602A00160033 /* Base */ = {isa = PBXFileReference; lastKnownFileType = file.storyboard; name = Base; path = Base.lproj/Main.storyboard; sourceTree = "<group>"; };
		FCB1DF0A28D9602C00160033 /* Assets.xcassets */ = {isa = PBXFileReference; lastKnownFileType = folder.assetcatalog; path = Assets.xcassets; sourceTree = "<group>"; };
		FCB1DF0D28D9602C00160033 /* Base */ = {isa = PBXFileReference; lastKnownFileType = file.storyboard; name = Base; path = Base.lproj/LaunchScreen.storyboard; sourceTree = "<group>"; };
		FCB1DF0F28D9602C00160033 /* Info.plist */ = {isa = PBXFileReference; lastKnownFileType = text.plist.xml; path = Info.plist; sourceTree = "<group>"; };
		FCB1DF1528D9638000160033 /* PhotosViewModel.swift */ = {isa = PBXFileReference; lastKnownFileType = sourcecode.swift; path = PhotosViewModel.swift; sourceTree = "<group>"; };
		FCB1DF1728D96DC700160033 /* PhotosViewController+CollectionView.swift */ = {isa = PBXFileReference; lastKnownFileType = sourcecode.swift; path = "PhotosViewController+CollectionView.swift"; sourceTree = "<group>"; };
		FCB1DF1928D96E6700160033 /* PhotoCollectionViewCell.swift */ = {isa = PBXFileReference; lastKnownFileType = sourcecode.swift; path = PhotoCollectionViewCell.swift; sourceTree = "<group>"; };
		FCB1DF1F28DAB11000160033 /* Helper.swift */ = {isa = PBXFileReference; lastKnownFileType = sourcecode.swift; path = Helper.swift; sourceTree = "<group>"; };
		FCB1DF2128DC163500160033 /* PhotoCollectionHeaderView.swift */ = {isa = PBXFileReference; lastKnownFileType = sourcecode.swift; path = PhotoCollectionHeaderView.swift; sourceTree = "<group>"; };
		FCB1DF2328DC214700160033 /* PlayerView.swift */ = {isa = PBXFileReference; lastKnownFileType = sourcecode.swift; path = PlayerView.swift; sourceTree = "<group>"; };
/* End PBXFileReference section */

/* Begin PBXFrameworksBuildPhase section */
		FCB1DEFB28D9602A00160033 /* Frameworks */ = {
			isa = PBXFrameworksBuildPhase;
			buildActionMask = 2147483647;
			files = (
				FC3EFB8528E6A75900704DE3 /* SkeletonView in Frameworks */,
				FC821D2729C6D48600890051 /* SwiftTipJar in Frameworks */,
				FC3EFB8A28E77D7000704DE3 /* Player in Frameworks */,
				FC821D2A29C819EA00890051 /* StoreKit.framework in Frameworks */,
			);
			runOnlyForDeploymentPostprocessing = 0;
		};
/* End PBXFrameworksBuildPhase section */

/* Begin PBXGroup section */
		FC821D2829C819EA00890051 /* Frameworks */ = {
			isa = PBXGroup;
			children = (
				FC821D2929C819EA00890051 /* StoreKit.framework */,
			);
			name = Frameworks;
			sourceTree = "<group>";
		};
		FCB1DEF528D9602A00160033 = {
			isa = PBXGroup;
			children = (
				FCB1DF0028D9602A00160033 /* PhotoFlashBack */,
				FCB1DEFF28D9602A00160033 /* Products */,
				FC821D2829C819EA00890051 /* Frameworks */,
			);
			sourceTree = "<group>";
		};
		FCB1DEFF28D9602A00160033 /* Products */ = {
			isa = PBXGroup;
			children = (
				FCB1DEFE28D9602A00160033 /* PhotoFlashBack.app */,
			);
			name = Products;
			sourceTree = "<group>";
		};
		FCB1DF0028D9602A00160033 /* PhotoFlashBack */ = {
			isa = PBXGroup;
			children = (
				FCB1DF0128D9602A00160033 /* AppDelegate.swift */,
				FCB1DF0328D9602A00160033 /* SceneDelegate.swift */,
				FCB1DF0528D9602A00160033 /* PhotosViewController.swift */,
				FCB1DF1728D96DC700160033 /* PhotosViewController+CollectionView.swift */,
				FC81130528E4E52C00112583 /* PhotosViewController+DatePicker.swift */,
				FC59623228E54B5B006AB3E9 /* PhotosViewController+TextField.swift */,
				FC3EFB8628E6A86F00704DE3 /* PhotosViewController+SkeletonView.swift */,
				FCB1DF1928D96E6700160033 /* PhotoCollectionViewCell.swift */,
				FCB1DF2128DC163500160033 /* PhotoCollectionHeaderView.swift */,
				FCB1DF2328DC214700160033 /* PlayerView.swift */,
				FCB1DF1528D9638000160033 /* PhotosViewModel.swift */,
				FC3EFB9328F0C30900704DE3 /* PhotoViewController.swift */,
				FC821D2D29CAB3CF00890051 /* PhotoViewController+PlayerDelegate.swift */,
				FC821D2129C6C50400890051 /* SettingsViewController.swift */,
				FC3EFB9528F0C43200704DE3 /* ImageViewerCollectionViewCell.swift */,
				FCB1DF1F28DAB11000160033 /* Helper.swift */,
				FC821D2F29CACE2C00890051 /* GradientView.swift */,
				FCB1DF0728D9602A00160033 /* Main.storyboard */,
				FCB1DF0A28D9602C00160033 /* Assets.xcassets */,
				FCB1DF0C28D9602C00160033 /* LaunchScreen.storyboard */,
				FCB1DF0F28D9602C00160033 /* Info.plist */,
				FC821D2B29C81A7200890051 /* Rewind: Memories on This Day.storekit */,
			);
			path = PhotoFlashBack;
			sourceTree = "<group>";
		};
/* End PBXGroup section */

/* Begin PBXNativeTarget section */
		FCB1DEFD28D9602A00160033 /* PhotoFlashBack */ = {
			isa = PBXNativeTarget;
			buildConfigurationList = FCB1DF1228D9602C00160033 /* Build configuration list for PBXNativeTarget "PhotoFlashBack" */;
			buildPhases = (
				FCB1DEFA28D9602A00160033 /* Sources */,
				FCB1DEFB28D9602A00160033 /* Frameworks */,
				FCB1DEFC28D9602A00160033 /* Resources */,
			);
			buildRules = (
			);
			dependencies = (
			);
			name = PhotoFlashBack;
			packageProductDependencies = (
				FC3EFB8428E6A75900704DE3 /* SkeletonView */,
				FC3EFB8928E77D7000704DE3 /* Player */,
				FC821D2629C6D48600890051 /* SwiftTipJar */,
			);
			productName = PhotoFlashBack;
			productReference = FCB1DEFE28D9602A00160033 /* PhotoFlashBack.app */;
			productType = "com.apple.product-type.application";
		};
/* End PBXNativeTarget section */

/* Begin PBXProject section */
		FCB1DEF628D9602A00160033 /* Project object */ = {
			isa = PBXProject;
			attributes = {
				BuildIndependentTargetsInParallel = 1;
				LastSwiftUpdateCheck = 1400;
				LastUpgradeCheck = 1400;
				TargetAttributes = {
					FCB1DEFD28D9602A00160033 = {
						CreatedOnToolsVersion = 14.0;
					};
				};
			};
			buildConfigurationList = FCB1DEF928D9602A00160033 /* Build configuration list for PBXProject "PhotoFlashBack" */;
			compatibilityVersion = "Xcode 14.0";
			developmentRegion = en;
			hasScannedForEncodings = 0;
			knownRegions = (
				en,
				Base,
			);
			mainGroup = FCB1DEF528D9602A00160033;
			packageReferences = (
				FC3EFB8328E6A75900704DE3 /* XCRemoteSwiftPackageReference "SkeletonView" */,
				FC3EFB8828E77D7000704DE3 /* XCRemoteSwiftPackageReference "Player" */,
				FC821D2529C6D48600890051 /* XCRemoteSwiftPackageReference "SwiftTipJar" */,
			);
			productRefGroup = FCB1DEFF28D9602A00160033 /* Products */;
			projectDirPath = "";
			projectRoot = "";
			targets = (
				FCB1DEFD28D9602A00160033 /* PhotoFlashBack */,
			);
		};
/* End PBXProject section */

/* Begin PBXResourcesBuildPhase section */
		FCB1DEFC28D9602A00160033 /* Resources */ = {
			isa = PBXResourcesBuildPhase;
			buildActionMask = 2147483647;
			files = (
				FCB1DF0E28D9602C00160033 /* LaunchScreen.storyboard in Resources */,
				FCB1DF0B28D9602C00160033 /* Assets.xcassets in Resources */,
				FCB1DF0928D9602A00160033 /* Main.storyboard in Resources */,
				FC821D2C29C81A7200890051 /* Rewind: Memories on This Day.storekit in Resources */,
			);
			runOnlyForDeploymentPostprocessing = 0;
		};
/* End PBXResourcesBuildPhase section */

/* Begin PBXSourcesBuildPhase section */
		FCB1DEFA28D9602A00160033 /* Sources */ = {
			isa = PBXSourcesBuildPhase;
			buildActionMask = 2147483647;
			files = (
				FCB1DF2428DC214700160033 /* PlayerView.swift in Sources */,
				FC3EFB9628F0C43200704DE3 /* ImageViewerCollectionViewCell.swift in Sources */,
				FCB1DF0628D9602A00160033 /* PhotosViewController.swift in Sources */,
				FCB1DF2028DAB11000160033 /* Helper.swift in Sources */,
				FCB1DF1628D9638000160033 /* PhotosViewModel.swift in Sources */,
				FC821D3029CACE2C00890051 /* GradientView.swift in Sources */,
				FC59623328E54B5B006AB3E9 /* PhotosViewController+TextField.swift in Sources */,
				FCB1DF0228D9602A00160033 /* AppDelegate.swift in Sources */,
				FC821D2E29CAB3CF00890051 /* PhotoViewController+PlayerDelegate.swift in Sources */,
				FC821D2229C6C50400890051 /* SettingsViewController.swift in Sources */,
				FCB1DF2228DC163500160033 /* PhotoCollectionHeaderView.swift in Sources */,
				FCB1DF0428D9602A00160033 /* SceneDelegate.swift in Sources */,
				FC81130628E4E52C00112583 /* PhotosViewController+DatePicker.swift in Sources */,
				FC3EFB8728E6A86F00704DE3 /* PhotosViewController+SkeletonView.swift in Sources */,
				FC3EFB9428F0C30900704DE3 /* PhotoViewController.swift in Sources */,
				FCB1DF1828D96DC700160033 /* PhotosViewController+CollectionView.swift in Sources */,
				FCB1DF1A28D96E6700160033 /* PhotoCollectionViewCell.swift in Sources */,
			);
			runOnlyForDeploymentPostprocessing = 0;
		};
/* End PBXSourcesBuildPhase section */

/* Begin PBXVariantGroup section */
		FCB1DF0728D9602A00160033 /* Main.storyboard */ = {
			isa = PBXVariantGroup;
			children = (
				FCB1DF0828D9602A00160033 /* Base */,
			);
			name = Main.storyboard;
			sourceTree = "<group>";
		};
		FCB1DF0C28D9602C00160033 /* LaunchScreen.storyboard */ = {
			isa = PBXVariantGroup;
			children = (
				FCB1DF0D28D9602C00160033 /* Base */,
			);
			name = LaunchScreen.storyboard;
			sourceTree = "<group>";
		};
/* End PBXVariantGroup section */

/* Begin XCBuildConfiguration section */
		FCB1DF1028D9602C00160033 /* Debug */ = {
			isa = XCBuildConfiguration;
			buildSettings = {
				ALWAYS_SEARCH_USER_PATHS = NO;
				CLANG_ANALYZER_NONNULL = YES;
				CLANG_ANALYZER_NUMBER_OBJECT_CONVERSION = YES_AGGRESSIVE;
				CLANG_CXX_LANGUAGE_STANDARD = "gnu++20";
				CLANG_ENABLE_MODULES = YES;
				CLANG_ENABLE_OBJC_ARC = YES;
				CLANG_ENABLE_OBJC_WEAK = YES;
				CLANG_WARN_BLOCK_CAPTURE_AUTORELEASING = YES;
				CLANG_WARN_BOOL_CONVERSION = YES;
				CLANG_WARN_COMMA = YES;
				CLANG_WARN_CONSTANT_CONVERSION = YES;
				CLANG_WARN_DEPRECATED_OBJC_IMPLEMENTATIONS = YES;
				CLANG_WARN_DIRECT_OBJC_ISA_USAGE = YES_ERROR;
				CLANG_WARN_DOCUMENTATION_COMMENTS = YES;
				CLANG_WARN_EMPTY_BODY = YES;
				CLANG_WARN_ENUM_CONVERSION = YES;
				CLANG_WARN_INFINITE_RECURSION = YES;
				CLANG_WARN_INT_CONVERSION = YES;
				CLANG_WARN_NON_LITERAL_NULL_CONVERSION = YES;
				CLANG_WARN_OBJC_IMPLICIT_RETAIN_SELF = YES;
				CLANG_WARN_OBJC_LITERAL_CONVERSION = YES;
				CLANG_WARN_OBJC_ROOT_CLASS = YES_ERROR;
				CLANG_WARN_QUOTED_INCLUDE_IN_FRAMEWORK_HEADER = YES;
				CLANG_WARN_RANGE_LOOP_ANALYSIS = YES;
				CLANG_WARN_STRICT_PROTOTYPES = YES;
				CLANG_WARN_SUSPICIOUS_MOVE = YES;
				CLANG_WARN_UNGUARDED_AVAILABILITY = YES_AGGRESSIVE;
				CLANG_WARN_UNREACHABLE_CODE = YES;
				CLANG_WARN__DUPLICATE_METHOD_MATCH = YES;
				COPY_PHASE_STRIP = NO;
				DEBUG_INFORMATION_FORMAT = dwarf;
				ENABLE_STRICT_OBJC_MSGSEND = YES;
				ENABLE_TESTABILITY = YES;
				GCC_C_LANGUAGE_STANDARD = gnu11;
				GCC_DYNAMIC_NO_PIC = NO;
				GCC_NO_COMMON_BLOCKS = YES;
				GCC_OPTIMIZATION_LEVEL = 0;
				GCC_PREPROCESSOR_DEFINITIONS = (
					"DEBUG=1",
					"$(inherited)",
				);
				GCC_WARN_64_TO_32_BIT_CONVERSION = YES;
				GCC_WARN_ABOUT_RETURN_TYPE = YES_ERROR;
				GCC_WARN_UNDECLARED_SELECTOR = YES;
				GCC_WARN_UNINITIALIZED_AUTOS = YES_AGGRESSIVE;
				GCC_WARN_UNUSED_FUNCTION = YES;
				GCC_WARN_UNUSED_VARIABLE = YES;
				IPHONEOS_DEPLOYMENT_TARGET = 16.0;
				MTL_ENABLE_DEBUG_INFO = INCLUDE_SOURCE;
				MTL_FAST_MATH = YES;
				ONLY_ACTIVE_ARCH = YES;
				SDKROOT = iphoneos;
				SWIFT_ACTIVE_COMPILATION_CONDITIONS = DEBUG;
				SWIFT_OPTIMIZATION_LEVEL = "-Onone";
			};
			name = Debug;
		};
		FCB1DF1128D9602C00160033 /* Release */ = {
			isa = XCBuildConfiguration;
			buildSettings = {
				ALWAYS_SEARCH_USER_PATHS = NO;
				CLANG_ANALYZER_NONNULL = YES;
				CLANG_ANALYZER_NUMBER_OBJECT_CONVERSION = YES_AGGRESSIVE;
				CLANG_CXX_LANGUAGE_STANDARD = "gnu++20";
				CLANG_ENABLE_MODULES = YES;
				CLANG_ENABLE_OBJC_ARC = YES;
				CLANG_ENABLE_OBJC_WEAK = YES;
				CLANG_WARN_BLOCK_CAPTURE_AUTORELEASING = YES;
				CLANG_WARN_BOOL_CONVERSION = YES;
				CLANG_WARN_COMMA = YES;
				CLANG_WARN_CONSTANT_CONVERSION = YES;
				CLANG_WARN_DEPRECATED_OBJC_IMPLEMENTATIONS = YES;
				CLANG_WARN_DIRECT_OBJC_ISA_USAGE = YES_ERROR;
				CLANG_WARN_DOCUMENTATION_COMMENTS = YES;
				CLANG_WARN_EMPTY_BODY = YES;
				CLANG_WARN_ENUM_CONVERSION = YES;
				CLANG_WARN_INFINITE_RECURSION = YES;
				CLANG_WARN_INT_CONVERSION = YES;
				CLANG_WARN_NON_LITERAL_NULL_CONVERSION = YES;
				CLANG_WARN_OBJC_IMPLICIT_RETAIN_SELF = YES;
				CLANG_WARN_OBJC_LITERAL_CONVERSION = YES;
				CLANG_WARN_OBJC_ROOT_CLASS = YES_ERROR;
				CLANG_WARN_QUOTED_INCLUDE_IN_FRAMEWORK_HEADER = YES;
				CLANG_WARN_RANGE_LOOP_ANALYSIS = YES;
				CLANG_WARN_STRICT_PROTOTYPES = YES;
				CLANG_WARN_SUSPICIOUS_MOVE = YES;
				CLANG_WARN_UNGUARDED_AVAILABILITY = YES_AGGRESSIVE;
				CLANG_WARN_UNREACHABLE_CODE = YES;
				CLANG_WARN__DUPLICATE_METHOD_MATCH = YES;
				COPY_PHASE_STRIP = NO;
				DEBUG_INFORMATION_FORMAT = "dwarf-with-dsym";
				ENABLE_NS_ASSERTIONS = NO;
				ENABLE_STRICT_OBJC_MSGSEND = YES;
				GCC_C_LANGUAGE_STANDARD = gnu11;
				GCC_NO_COMMON_BLOCKS = YES;
				GCC_WARN_64_TO_32_BIT_CONVERSION = YES;
				GCC_WARN_ABOUT_RETURN_TYPE = YES_ERROR;
				GCC_WARN_UNDECLARED_SELECTOR = YES;
				GCC_WARN_UNINITIALIZED_AUTOS = YES_AGGRESSIVE;
				GCC_WARN_UNUSED_FUNCTION = YES;
				GCC_WARN_UNUSED_VARIABLE = YES;
				IPHONEOS_DEPLOYMENT_TARGET = 16.0;
				MTL_ENABLE_DEBUG_INFO = NO;
				MTL_FAST_MATH = YES;
				SDKROOT = iphoneos;
				SWIFT_COMPILATION_MODE = wholemodule;
				SWIFT_OPTIMIZATION_LEVEL = "-O";
				VALIDATE_PRODUCT = YES;
			};
			name = Release;
		};
		FCB1DF1328D9602C00160033 /* Debug */ = {
			isa = XCBuildConfiguration;
			buildSettings = {
				ASSETCATALOG_COMPILER_APPICON_NAME = AppIcon;
				ASSETCATALOG_COMPILER_GLOBAL_ACCENT_COLOR_NAME = AccentColor;
				CODE_SIGN_STYLE = Automatic;
				CURRENT_PROJECT_VERSION = 1;
				DEVELOPMENT_TEAM = 4UXP3NANFN;
				GENERATE_INFOPLIST_FILE = YES;
				INFOPLIST_FILE = PhotoFlashBack/Info.plist;
				INFOPLIST_KEY_CFBundleDisplayName = Rewind;
				INFOPLIST_KEY_LSApplicationCategoryType = "public.app-category.photography";
				INFOPLIST_KEY_NSPhotoLibraryUsageDescription = "To show you photos on this day, please grant permission for all photos.";
				INFOPLIST_KEY_UIApplicationSupportsIndirectInputEvents = YES;
				INFOPLIST_KEY_UILaunchStoryboardName = LaunchScreen;
				INFOPLIST_KEY_UIMainStoryboardFile = Main;
				INFOPLIST_KEY_UIStatusBarStyle = UIStatusBarStyleLightContent;
				INFOPLIST_KEY_UISupportedInterfaceOrientations_iPad = "UIInterfaceOrientationPortrait UIInterfaceOrientationPortraitUpsideDown UIInterfaceOrientationLandscapeLeft UIInterfaceOrientationLandscapeRight";
				INFOPLIST_KEY_UISupportedInterfaceOrientations_iPhone = "UIInterfaceOrientationPortrait UIInterfaceOrientationLandscapeLeft UIInterfaceOrientationLandscapeRight";
				IPHONEOS_DEPLOYMENT_TARGET = 15.6;
				LD_RUNPATH_SEARCH_PATHS = (
					"$(inherited)",
					"@executable_path/Frameworks",
				);
				MARKETING_VERSION = 2.0;
				PRODUCT_BUNDLE_IDENTIFIER = com.YangSong.PhotoFlashBack;
				PRODUCT_NAME = "$(TARGET_NAME)";
				SWIFT_EMIT_LOC_STRINGS = YES;
				SWIFT_VERSION = 5.0;
				TARGETED_DEVICE_FAMILY = "1,2";
			};
			name = Debug;
		};
		FCB1DF1428D9602C00160033 /* Release */ = {
			isa = XCBuildConfiguration;
			buildSettings = {
				ASSETCATALOG_COMPILER_APPICON_NAME = AppIcon;
				ASSETCATALOG_COMPILER_GLOBAL_ACCENT_COLOR_NAME = AccentColor;
				CODE_SIGN_STYLE = Automatic;
				CURRENT_PROJECT_VERSION = 1;
				DEVELOPMENT_TEAM = 4UXP3NANFN;
				GENERATE_INFOPLIST_FILE = YES;
				INFOPLIST_FILE = PhotoFlashBack/Info.plist;
				INFOPLIST_KEY_CFBundleDisplayName = Rewind;
				INFOPLIST_KEY_LSApplicationCategoryType = "public.app-category.photography";
				INFOPLIST_KEY_NSPhotoLibraryUsageDescription = "To show you photos on this day, please grant permission for all photos.";
				INFOPLIST_KEY_UIApplicationSupportsIndirectInputEvents = YES;
				INFOPLIST_KEY_UILaunchStoryboardName = LaunchScreen;
				INFOPLIST_KEY_UIMainStoryboardFile = Main;
				INFOPLIST_KEY_UIStatusBarStyle = UIStatusBarStyleLightContent;
				INFOPLIST_KEY_UISupportedInterfaceOrientations_iPad = "UIInterfaceOrientationPortrait UIInterfaceOrientationPortraitUpsideDown UIInterfaceOrientationLandscapeLeft UIInterfaceOrientationLandscapeRight";
				INFOPLIST_KEY_UISupportedInterfaceOrientations_iPhone = "UIInterfaceOrientationPortrait UIInterfaceOrientationLandscapeLeft UIInterfaceOrientationLandscapeRight";
				IPHONEOS_DEPLOYMENT_TARGET = 15.6;
				LD_RUNPATH_SEARCH_PATHS = (
					"$(inherited)",
					"@executable_path/Frameworks",
				);
				MARKETING_VERSION = 2.0;
				PRODUCT_BUNDLE_IDENTIFIER = com.YangSong.PhotoFlashBack;
				PRODUCT_NAME = "$(TARGET_NAME)";
				SWIFT_EMIT_LOC_STRINGS = YES;
				SWIFT_VERSION = 5.0;
				TARGETED_DEVICE_FAMILY = "1,2";
			};
			name = Release;
		};
/* End XCBuildConfiguration section */

/* Begin XCConfigurationList section */
		FCB1DEF928D9602A00160033 /* Build configuration list for PBXProject "PhotoFlashBack" */ = {
			isa = XCConfigurationList;
			buildConfigurations = (
				FCB1DF1028D9602C00160033 /* Debug */,
				FCB1DF1128D9602C00160033 /* Release */,
			);
			defaultConfigurationIsVisible = 0;
			defaultConfigurationName = Release;
		};
		FCB1DF1228D9602C00160033 /* Build configuration list for PBXNativeTarget "PhotoFlashBack" */ = {
			isa = XCConfigurationList;
			buildConfigurations = (
				FCB1DF1328D9602C00160033 /* Debug */,
				FCB1DF1428D9602C00160033 /* Release */,
			);
			defaultConfigurationIsVisible = 0;
			defaultConfigurationName = Release;
		};
/* End XCConfigurationList section */

/* Begin XCRemoteSwiftPackageReference section */
		FC3EFB8328E6A75900704DE3 /* XCRemoteSwiftPackageReference "SkeletonView" */ = {
			isa = XCRemoteSwiftPackageReference;
			repositoryURL = "https://github.com/Juanpe/SkeletonView.git";
			requirement = {
				kind = upToNextMajorVersion;
				minimumVersion = 1.0.0;
			};
		};
		FC3EFB8828E77D7000704DE3 /* XCRemoteSwiftPackageReference "Player" */ = {
			isa = XCRemoteSwiftPackageReference;
			repositoryURL = "https://github.com/piemonte/Player.git";
			requirement = {
				kind = upToNextMajorVersion;
				minimumVersion = 0.9.2;
			};
		};
		FC821D2529C6D48600890051 /* XCRemoteSwiftPackageReference "SwiftTipJar" */ = {
			isa = XCRemoteSwiftPackageReference;
			repositoryURL = "https://github.com/dkasaj/SwiftTipJar.git";
			requirement = {
				kind = upToNextMajorVersion;
				minimumVersion = 1.0.0;
			};
		};
/* End XCRemoteSwiftPackageReference section */

/* Begin XCSwiftPackageProductDependency section */
		FC3EFB8428E6A75900704DE3 /* SkeletonView */ = {
			isa = XCSwiftPackageProductDependency;
			package = FC3EFB8328E6A75900704DE3 /* XCRemoteSwiftPackageReference "SkeletonView" */;
			productName = SkeletonView;
		};
		FC3EFB8928E77D7000704DE3 /* Player */ = {
			isa = XCSwiftPackageProductDependency;
			package = FC3EFB8828E77D7000704DE3 /* XCRemoteSwiftPackageReference "Player" */;
			productName = Player;
		};
		FC821D2629C6D48600890051 /* SwiftTipJar */ = {
			isa = XCSwiftPackageProductDependency;
			package = FC821D2529C6D48600890051 /* XCRemoteSwiftPackageReference "SwiftTipJar" */;
			productName = SwiftTipJar;
		};
/* End XCSwiftPackageProductDependency section */
	};
	rootObject = FCB1DEF628D9602A00160033 /* Project object */;
}
