// !$*UTF8*$!
{
	archiveVersion = 1;
	classes = {
	};
	objectVersion = 46;
	objects = {

/* Begin PBXBuildFile section */
		614A45651FC52780000612FB /* chicago.gpx in Resources */ = {isa = PBXBuildFile; fileRef = 614A45641FC52780000612FB /* chicago.gpx */; };
		B0007BB71D42D31600BAB4C8 /* SettingViewController.swift in Sources */ = {isa = PBXBuildFile; fileRef = B0007BB61D42D31600BAB4C8 /* SettingViewController.swift */; };
		B0007BB91D42D37E00BAB4C8 /* SettingCell.swift in Sources */ = {isa = PBXBuildFile; fileRef = B0007BB81D42D37E00BAB4C8 /* SettingCell.swift */; };
		B0B706FD1D3EC85D00A05DCB /* NotificationCenter.framework in Frameworks */ = {isa = PBXBuildFile; fileRef = B0B706FC1D3EC85D00A05DCB /* NotificationCenter.framework */; };
		B0B707001D3EC85D00A05DCB /* TodayViewController.swift in Sources */ = {isa = PBXBuildFile; fileRef = B0B706FF1D3EC85D00A05DCB /* TodayViewController.swift */; };
		B0B707031D3EC85D00A05DCB /* MainInterface.storyboard in Resources */ = {isa = PBXBuildFile; fileRef = B0B707011D3EC85D00A05DCB /* MainInterface.storyboard */; };
		B0B707071D3EC85D00A05DCB /* TodayExtension.appex in Embed App Extensions */ = {isa = PBXBuildFile; fileRef = B0B706FB1D3EC85D00A05DCB /* TodayExtension.appex */; settings = {ATTRIBUTES = (RemoveHeadersOnCopy, ); }; };
		B0F273501D427A63008D31F6 /* StoreKit.framework in Frameworks */ = {isa = PBXBuildFile; fileRef = B0F2734F1D427A63008D31F6 /* StoreKit.framework */; };
		B0F273521D4281D6008D31F6 /* IAPHelper.swift in Sources */ = {isa = PBXBuildFile; fileRef = B0F273511D4281D6008D31F6 /* IAPHelper.swift */; };
		B0F273541D42821D008D31F6 /* RewindProducts.swift in Sources */ = {isa = PBXBuildFile; fileRef = B0F273531D42821D008D31F6 /* RewindProducts.swift */; };
		B0FB861E1CCA94D5000CA532 /* AppDelegate.swift in Sources */ = {isa = PBXBuildFile; fileRef = B0FB861D1CCA94D5000CA532 /* AppDelegate.swift */; };
		B0FB86201CCA94D5000CA532 /* ViewController.swift in Sources */ = {isa = PBXBuildFile; fileRef = B0FB861F1CCA94D5000CA532 /* ViewController.swift */; };
		B0FB86231CCA94D5000CA532 /* Main.storyboard in Resources */ = {isa = PBXBuildFile; fileRef = B0FB86211CCA94D5000CA532 /* Main.storyboard */; };
		B0FB86261CCA94D5000CA532 /* PhotoFlashBack.xcdatamodeld in Sources */ = {isa = PBXBuildFile; fileRef = B0FB86241CCA94D5000CA532 /* PhotoFlashBack.xcdatamodeld */; };
		B0FB86281CCA94D5000CA532 /* Assets.xcassets in Resources */ = {isa = PBXBuildFile; fileRef = B0FB86271CCA94D5000CA532 /* Assets.xcassets */; };
		B0FB862B1CCA94D5000CA532 /* LaunchScreen.storyboard in Resources */ = {isa = PBXBuildFile; fileRef = B0FB86291CCA94D5000CA532 /* LaunchScreen.storyboard */; };
		B0FB86361CCA94D5000CA532 /* PhotoFlashBackTests.swift in Sources */ = {isa = PBXBuildFile; fileRef = B0FB86351CCA94D5000CA532 /* PhotoFlashBackTests.swift */; };
		B0FB86411CCA94D5000CA532 /* PhotoFlashBackUITests.swift in Sources */ = {isa = PBXBuildFile; fileRef = B0FB86401CCA94D5000CA532 /* PhotoFlashBackUITests.swift */; };
		B0FB864F1CCAAA83000CA532 /* PhotoCollectionViewCell.swift in Sources */ = {isa = PBXBuildFile; fileRef = B0FB864E1CCAAA83000CA532 /* PhotoCollectionViewCell.swift */; };
		B0FB86511CCAAE2C000CA532 /* TemporayDatePicker.swift in Sources */ = {isa = PBXBuildFile; fileRef = B0FB86501CCAAE2C000CA532 /* TemporayDatePicker.swift */; };
		C63C7ADD96A6F2BA714F43E3 /* Pods_PhotoFlashBack.framework in Frameworks */ = {isa = PBXBuildFile; fileRef = EB1FE7408E8FAC0212685365 /* Pods_PhotoFlashBack.framework */; };
/* End PBXBuildFile section */

/* Begin PBXContainerItemProxy section */
		B0B707051D3EC85D00A05DCB /* PBXContainerItemProxy */ = {
			isa = PBXContainerItemProxy;
			containerPortal = B0FB86121CCA94D5000CA532 /* Project object */;
			proxyType = 1;
			remoteGlobalIDString = B0B706FA1D3EC85D00A05DCB;
			remoteInfo = TodayExtension;
		};
		B0FB86321CCA94D5000CA532 /* PBXContainerItemProxy */ = {
			isa = PBXContainerItemProxy;
			containerPortal = B0FB86121CCA94D5000CA532 /* Project object */;
			proxyType = 1;
			remoteGlobalIDString = B0FB86191CCA94D5000CA532;
			remoteInfo = PhotoFlashBack;
		};
		B0FB863D1CCA94D5000CA532 /* PBXContainerItemProxy */ = {
			isa = PBXContainerItemProxy;
			containerPortal = B0FB86121CCA94D5000CA532 /* Project object */;
			proxyType = 1;
			remoteGlobalIDString = B0FB86191CCA94D5000CA532;
			remoteInfo = PhotoFlashBack;
		};
/* End PBXContainerItemProxy section */

/* Begin PBXCopyFilesBuildPhase section */
		B0980D521D3E7C7700D6589A /* Embed Watch Content */ = {
			isa = PBXCopyFilesBuildPhase;
			buildActionMask = 2147483647;
			dstPath = "$(CONTENTS_FOLDER_PATH)/Watch";
			dstSubfolderSpec = 16;
			files = (
			);
			name = "Embed Watch Content";
			runOnlyForDeploymentPostprocessing = 0;
		};
		B0B7070B1D3EC85E00A05DCB /* Embed App Extensions */ = {
			isa = PBXCopyFilesBuildPhase;
			buildActionMask = 2147483647;
			dstPath = "";
			dstSubfolderSpec = 13;
			files = (
				B0B707071D3EC85D00A05DCB /* TodayExtension.appex in Embed App Extensions */,
			);
			name = "Embed App Extensions";
			runOnlyForDeploymentPostprocessing = 0;
		};
/* End PBXCopyFilesBuildPhase section */

/* Begin PBXFileReference section */
		255A923F95958254345826D3 /* Pods-PhotoFlashBack.release.xcconfig */ = {isa = PBXFileReference; includeInIndex = 1; lastKnownFileType = text.xcconfig; name = "Pods-PhotoFlashBack.release.xcconfig"; path = "Pods/Target Support Files/Pods-PhotoFlashBack/Pods-PhotoFlashBack.release.xcconfig"; sourceTree = "<group>"; };
		614A45641FC52780000612FB /* chicago.gpx */ = {isa = PBXFileReference; fileEncoding = 4; lastKnownFileType = text.xml; path = chicago.gpx; sourceTree = "<group>"; };
		99CA3AB1113ACCC5482CD1B0 /* Pods-PhotoFlashBack.debug.xcconfig */ = {isa = PBXFileReference; includeInIndex = 1; lastKnownFileType = text.xcconfig; name = "Pods-PhotoFlashBack.debug.xcconfig"; path = "Pods/Target Support Files/Pods-PhotoFlashBack/Pods-PhotoFlashBack.debug.xcconfig"; sourceTree = "<group>"; };
		B0007BB61D42D31600BAB4C8 /* SettingViewController.swift */ = {isa = PBXFileReference; fileEncoding = 4; lastKnownFileType = sourcecode.swift; path = SettingViewController.swift; sourceTree = "<group>"; };
		B0007BB81D42D37E00BAB4C8 /* SettingCell.swift */ = {isa = PBXFileReference; fileEncoding = 4; lastKnownFileType = sourcecode.swift; path = SettingCell.swift; sourceTree = "<group>"; };
		B0674CB31D3FE4A100C1DC6D /* MyRowController.swift */ = {isa = PBXFileReference; fileEncoding = 4; lastKnownFileType = sourcecode.swift; path = MyRowController.swift; sourceTree = "<group>"; };
		B0980D2B1D3E7C7700D6589A /* Base */ = {isa = PBXFileReference; lastKnownFileType = file.storyboard; name = Base; path = Base.lproj/Interface.storyboard; sourceTree = "<group>"; };
		B0980D2D1D3E7C7700D6589A /* Assets.xcassets */ = {isa = PBXFileReference; lastKnownFileType = folder.assetcatalog; path = Assets.xcassets; sourceTree = "<group>"; };
		B0980D2F1D3E7C7700D6589A /* Info.plist */ = {isa = PBXFileReference; lastKnownFileType = text.plist.xml; path = Info.plist; sourceTree = "<group>"; };
		B0980D3A1D3E7C7700D6589A /* PushNotificationPayload.apns */ = {isa = PBXFileReference; lastKnownFileType = text; path = PushNotificationPayload.apns; sourceTree = "<group>"; };
		B0980D3B1D3E7C7700D6589A /* InterfaceController.swift */ = {isa = PBXFileReference; lastKnownFileType = sourcecode.swift; path = InterfaceController.swift; sourceTree = "<group>"; };
		B0980D3D1D3E7C7700D6589A /* ExtensionDelegate.swift */ = {isa = PBXFileReference; lastKnownFileType = sourcecode.swift; path = ExtensionDelegate.swift; sourceTree = "<group>"; };
		B0980D3F1D3E7C7700D6589A /* NotificationController.swift */ = {isa = PBXFileReference; lastKnownFileType = sourcecode.swift; path = NotificationController.swift; sourceTree = "<group>"; };
		B0980D411D3E7C7700D6589A /* GlanceController.swift */ = {isa = PBXFileReference; lastKnownFileType = sourcecode.swift; path = GlanceController.swift; sourceTree = "<group>"; };
		B0980D431D3E7C7700D6589A /* ComplicationController.swift */ = {isa = PBXFileReference; lastKnownFileType = sourcecode.swift; path = ComplicationController.swift; sourceTree = "<group>"; };
		B0980D451D3E7C7700D6589A /* Assets.xcassets */ = {isa = PBXFileReference; lastKnownFileType = folder.assetcatalog; path = Assets.xcassets; sourceTree = "<group>"; };
		B0980D471D3E7C7700D6589A /* Info.plist */ = {isa = PBXFileReference; lastKnownFileType = text.plist.xml; path = Info.plist; sourceTree = "<group>"; };
		B0B706FB1D3EC85D00A05DCB /* TodayExtension.appex */ = {isa = PBXFileReference; explicitFileType = "wrapper.app-extension"; includeInIndex = 0; path = TodayExtension.appex; sourceTree = BUILT_PRODUCTS_DIR; };
		B0B706FC1D3EC85D00A05DCB /* NotificationCenter.framework */ = {isa = PBXFileReference; lastKnownFileType = wrapper.framework; name = NotificationCenter.framework; path = System/Library/Frameworks/NotificationCenter.framework; sourceTree = SDKROOT; };
		B0B706FF1D3EC85D00A05DCB /* TodayViewController.swift */ = {isa = PBXFileReference; lastKnownFileType = sourcecode.swift; path = TodayViewController.swift; sourceTree = "<group>"; };
		B0B707021D3EC85D00A05DCB /* Base */ = {isa = PBXFileReference; lastKnownFileType = file.storyboard; name = Base; path = Base.lproj/MainInterface.storyboard; sourceTree = "<group>"; };
		B0B707041D3EC85D00A05DCB /* Info.plist */ = {isa = PBXFileReference; lastKnownFileType = text.plist.xml; path = Info.plist; sourceTree = "<group>"; };
		B0F2734F1D427A63008D31F6 /* StoreKit.framework */ = {isa = PBXFileReference; lastKnownFileType = wrapper.framework; name = StoreKit.framework; path = System/Library/Frameworks/StoreKit.framework; sourceTree = SDKROOT; };
		B0F273511D4281D6008D31F6 /* IAPHelper.swift */ = {isa = PBXFileReference; fileEncoding = 4; lastKnownFileType = sourcecode.swift; path = IAPHelper.swift; sourceTree = "<group>"; };
		B0F273531D42821D008D31F6 /* RewindProducts.swift */ = {isa = PBXFileReference; fileEncoding = 4; lastKnownFileType = sourcecode.swift; path = RewindProducts.swift; sourceTree = "<group>"; };
		B0FB861A1CCA94D5000CA532 /* PhotoFlashBack.app */ = {isa = PBXFileReference; explicitFileType = wrapper.application; includeInIndex = 0; path = PhotoFlashBack.app; sourceTree = BUILT_PRODUCTS_DIR; };
		B0FB861D1CCA94D5000CA532 /* AppDelegate.swift */ = {isa = PBXFileReference; lastKnownFileType = sourcecode.swift; path = AppDelegate.swift; sourceTree = "<group>"; };
		B0FB861F1CCA94D5000CA532 /* ViewController.swift */ = {isa = PBXFileReference; lastKnownFileType = sourcecode.swift; path = ViewController.swift; sourceTree = "<group>"; };
		B0FB86221CCA94D5000CA532 /* Base */ = {isa = PBXFileReference; lastKnownFileType = file.storyboard; name = Base; path = Base.lproj/Main.storyboard; sourceTree = "<group>"; };
		B0FB86251CCA94D5000CA532 /* PhotoFlashBack.xcdatamodel */ = {isa = PBXFileReference; lastKnownFileType = wrapper.xcdatamodel; path = PhotoFlashBack.xcdatamodel; sourceTree = "<group>"; };
		B0FB86271CCA94D5000CA532 /* Assets.xcassets */ = {isa = PBXFileReference; lastKnownFileType = folder.assetcatalog; path = Assets.xcassets; sourceTree = "<group>"; };
		B0FB862A1CCA94D5000CA532 /* Base */ = {isa = PBXFileReference; lastKnownFileType = file.storyboard; name = Base; path = Base.lproj/LaunchScreen.storyboard; sourceTree = "<group>"; };
		B0FB862C1CCA94D5000CA532 /* Info.plist */ = {isa = PBXFileReference; lastKnownFileType = text.plist.xml; path = Info.plist; sourceTree = "<group>"; };
		B0FB86311CCA94D5000CA532 /* PhotoFlashBackTests.xctest */ = {isa = PBXFileReference; explicitFileType = wrapper.cfbundle; includeInIndex = 0; path = PhotoFlashBackTests.xctest; sourceTree = BUILT_PRODUCTS_DIR; };
		B0FB86351CCA94D5000CA532 /* PhotoFlashBackTests.swift */ = {isa = PBXFileReference; lastKnownFileType = sourcecode.swift; path = PhotoFlashBackTests.swift; sourceTree = "<group>"; };
		B0FB86371CCA94D5000CA532 /* Info.plist */ = {isa = PBXFileReference; lastKnownFileType = text.plist.xml; path = Info.plist; sourceTree = "<group>"; };
		B0FB863C1CCA94D5000CA532 /* PhotoFlashBackUITests.xctest */ = {isa = PBXFileReference; explicitFileType = wrapper.cfbundle; includeInIndex = 0; path = PhotoFlashBackUITests.xctest; sourceTree = BUILT_PRODUCTS_DIR; };
		B0FB86401CCA94D5000CA532 /* PhotoFlashBackUITests.swift */ = {isa = PBXFileReference; lastKnownFileType = sourcecode.swift; path = PhotoFlashBackUITests.swift; sourceTree = "<group>"; };
		B0FB86421CCA94D5000CA532 /* Info.plist */ = {isa = PBXFileReference; lastKnownFileType = text.plist.xml; path = Info.plist; sourceTree = "<group>"; };
		B0FB864E1CCAAA83000CA532 /* PhotoCollectionViewCell.swift */ = {isa = PBXFileReference; fileEncoding = 4; lastKnownFileType = sourcecode.swift; path = PhotoCollectionViewCell.swift; sourceTree = "<group>"; };
		B0FB86501CCAAE2C000CA532 /* TemporayDatePicker.swift */ = {isa = PBXFileReference; fileEncoding = 4; lastKnownFileType = sourcecode.swift; path = TemporayDatePicker.swift; sourceTree = "<group>"; };
		EB1FE7408E8FAC0212685365 /* Pods_PhotoFlashBack.framework */ = {isa = PBXFileReference; explicitFileType = wrapper.framework; includeInIndex = 0; path = Pods_PhotoFlashBack.framework; sourceTree = BUILT_PRODUCTS_DIR; };
/* End PBXFileReference section */

/* Begin PBXFrameworksBuildPhase section */
		B0B706F81D3EC85D00A05DCB /* Frameworks */ = {
			isa = PBXFrameworksBuildPhase;
			buildActionMask = 2147483647;
			files = (
				B0B706FD1D3EC85D00A05DCB /* NotificationCenter.framework in Frameworks */,
			);
			runOnlyForDeploymentPostprocessing = 0;
		};
		B0FB86171CCA94D5000CA532 /* Frameworks */ = {
			isa = PBXFrameworksBuildPhase;
			buildActionMask = 2147483647;
			files = (
				C63C7ADD96A6F2BA714F43E3 /* Pods_PhotoFlashBack.framework in Frameworks */,
				B0F273501D427A63008D31F6 /* StoreKit.framework in Frameworks */,
			);
			runOnlyForDeploymentPostprocessing = 0;
		};
		B0FB862E1CCA94D5000CA532 /* Frameworks */ = {
			isa = PBXFrameworksBuildPhase;
			buildActionMask = 2147483647;
			files = (
			);
			runOnlyForDeploymentPostprocessing = 0;
		};
		B0FB86391CCA94D5000CA532 /* Frameworks */ = {
			isa = PBXFrameworksBuildPhase;
			buildActionMask = 2147483647;
			files = (
			);
			runOnlyForDeploymentPostprocessing = 0;
		};
/* End PBXFrameworksBuildPhase section */

/* Begin PBXGroup section */
		244F367A6E1FF21071E6D2E1 /* Frameworks */ = {
			isa = PBXGroup;
			children = (
				B0F2734F1D427A63008D31F6 /* StoreKit.framework */,
				EB1FE7408E8FAC0212685365 /* Pods_PhotoFlashBack.framework */,
				B0B706FC1D3EC85D00A05DCB /* NotificationCenter.framework */,
			);
			name = Frameworks;
			sourceTree = "<group>";
		};
		A047A44038DC50EF48C55B01 /* Pods */ = {
			isa = PBXGroup;
			children = (
				99CA3AB1113ACCC5482CD1B0 /* Pods-PhotoFlashBack.debug.xcconfig */,
				255A923F95958254345826D3 /* Pods-PhotoFlashBack.release.xcconfig */,
			);
			name = Pods;
			sourceTree = "<group>";
		};
		B0980D291D3E7C7700D6589A /* watch */ = {
			isa = PBXGroup;
			children = (
				B0980D2A1D3E7C7700D6589A /* Interface.storyboard */,
				B0980D2D1D3E7C7700D6589A /* Assets.xcassets */,
				B0980D2F1D3E7C7700D6589A /* Info.plist */,
			);
			path = watch;
			sourceTree = "<group>";
		};
		B0980D381D3E7C7700D6589A /* watch Extension */ = {
			isa = PBXGroup;
			children = (
				B0980D3B1D3E7C7700D6589A /* InterfaceController.swift */,
				B0980D3D1D3E7C7700D6589A /* ExtensionDelegate.swift */,
				B0980D3F1D3E7C7700D6589A /* NotificationController.swift */,
				B0980D411D3E7C7700D6589A /* GlanceController.swift */,
				B0980D431D3E7C7700D6589A /* ComplicationController.swift */,
				B0674CB31D3FE4A100C1DC6D /* MyRowController.swift */,
				B0980D451D3E7C7700D6589A /* Assets.xcassets */,
				B0980D471D3E7C7700D6589A /* Info.plist */,
				B0980D391D3E7C7700D6589A /* Supporting Files */,
			);
			path = "watch Extension";
			sourceTree = "<group>";
		};
		B0980D391D3E7C7700D6589A /* Supporting Files */ = {
			isa = PBXGroup;
			children = (
				B0980D3A1D3E7C7700D6589A /* PushNotificationPayload.apns */,
			);
			name = "Supporting Files";
			sourceTree = "<group>";
		};
		B0B706FE1D3EC85D00A05DCB /* TodayExtension */ = {
			isa = PBXGroup;
			children = (
				B0B706FF1D3EC85D00A05DCB /* TodayViewController.swift */,
				B0B707011D3EC85D00A05DCB /* MainInterface.storyboard */,
				B0B707041D3EC85D00A05DCB /* Info.plist */,
			);
			path = TodayExtension;
			sourceTree = "<group>";
		};
		B0FB86111CCA94D5000CA532 = {
			isa = PBXGroup;
			children = (
				B0FB861C1CCA94D5000CA532 /* PhotoFlashBack */,
				B0FB86341CCA94D5000CA532 /* PhotoFlashBackTests */,
				B0FB863F1CCA94D5000CA532 /* PhotoFlashBackUITests */,
				B0980D291D3E7C7700D6589A /* watch */,
				B0980D381D3E7C7700D6589A /* watch Extension */,
				B0B706FE1D3EC85D00A05DCB /* TodayExtension */,
				B0FB861B1CCA94D5000CA532 /* Products */,
				A047A44038DC50EF48C55B01 /* Pods */,
				244F367A6E1FF21071E6D2E1 /* Frameworks */,
			);
			sourceTree = "<group>";
		};
		B0FB861B1CCA94D5000CA532 /* Products */ = {
			isa = PBXGroup;
			children = (
				B0FB861A1CCA94D5000CA532 /* PhotoFlashBack.app */,
				B0FB86311CCA94D5000CA532 /* PhotoFlashBackTests.xctest */,
				B0FB863C1CCA94D5000CA532 /* PhotoFlashBackUITests.xctest */,
				B0B706FB1D3EC85D00A05DCB /* TodayExtension.appex */,
			);
			name = Products;
			sourceTree = "<group>";
		};
		B0FB861C1CCA94D5000CA532 /* PhotoFlashBack */ = {
			isa = PBXGroup;
			children = (
				B0FB861D1CCA94D5000CA532 /* AppDelegate.swift */,
				B0F273511D4281D6008D31F6 /* IAPHelper.swift */,
				B0F273531D42821D008D31F6 /* RewindProducts.swift */,
				614A45641FC52780000612FB /* chicago.gpx */,
				B0FB861F1CCA94D5000CA532 /* ViewController.swift */,
				B0FB864E1CCAAA83000CA532 /* PhotoCollectionViewCell.swift */,
				B0007BB61D42D31600BAB4C8 /* SettingViewController.swift */,
				B0007BB81D42D37E00BAB4C8 /* SettingCell.swift */,
				B0FB86501CCAAE2C000CA532 /* TemporayDatePicker.swift */,
				B0FB86211CCA94D5000CA532 /* Main.storyboard */,
				B0FB86271CCA94D5000CA532 /* Assets.xcassets */,
				B0FB86291CCA94D5000CA532 /* LaunchScreen.storyboard */,
				B0FB862C1CCA94D5000CA532 /* Info.plist */,
				B0FB86241CCA94D5000CA532 /* PhotoFlashBack.xcdatamodeld */,
			);
			path = PhotoFlashBack;
			sourceTree = "<group>";
		};
		B0FB86341CCA94D5000CA532 /* PhotoFlashBackTests */ = {
			isa = PBXGroup;
			children = (
				B0FB86351CCA94D5000CA532 /* PhotoFlashBackTests.swift */,
				B0FB86371CCA94D5000CA532 /* Info.plist */,
			);
			path = PhotoFlashBackTests;
			sourceTree = "<group>";
		};
		B0FB863F1CCA94D5000CA532 /* PhotoFlashBackUITests */ = {
			isa = PBXGroup;
			children = (
				B0FB86401CCA94D5000CA532 /* PhotoFlashBackUITests.swift */,
				B0FB86421CCA94D5000CA532 /* Info.plist */,
			);
			path = PhotoFlashBackUITests;
			sourceTree = "<group>";
		};
/* End PBXGroup section */

/* Begin PBXNativeTarget section */
		B0B706FA1D3EC85D00A05DCB /* TodayExtension */ = {
			isa = PBXNativeTarget;
			buildConfigurationList = B0B707081D3EC85E00A05DCB /* Build configuration list for PBXNativeTarget "TodayExtension" */;
			buildPhases = (
				B0B706F71D3EC85D00A05DCB /* Sources */,
				B0B706F81D3EC85D00A05DCB /* Frameworks */,
				B0B706F91D3EC85D00A05DCB /* Resources */,
			);
			buildRules = (
			);
			dependencies = (
			);
			name = TodayExtension;
			productName = TodayExtension;
			productReference = B0B706FB1D3EC85D00A05DCB /* TodayExtension.appex */;
			productType = "com.apple.product-type.app-extension";
		};
		B0FB86191CCA94D5000CA532 /* PhotoFlashBack */ = {
			isa = PBXNativeTarget;
			buildConfigurationList = B0FB86451CCA94D5000CA532 /* Build configuration list for PBXNativeTarget "PhotoFlashBack" */;
			buildPhases = (
				AF5691D82833E7AC52B7BBFE /* Check Pods Manifest.lock */,
				B0FB86161CCA94D5000CA532 /* Sources */,
				B0FB86171CCA94D5000CA532 /* Frameworks */,
				B0FB86181CCA94D5000CA532 /* Resources */,
				AE444746D3B000FC076680FD /* Embed Pods Frameworks */,
				5911C1E9BDF567F1B8F68522 /* Copy Pods Resources */,
				B0980D521D3E7C7700D6589A /* Embed Watch Content */,
				B0B7070B1D3EC85E00A05DCB /* Embed App Extensions */,
			);
			buildRules = (
			);
			dependencies = (
				B0B707061D3EC85D00A05DCB /* PBXTargetDependency */,
			);
			name = PhotoFlashBack;
			productName = PhotoFlashBack;
			productReference = B0FB861A1CCA94D5000CA532 /* PhotoFlashBack.app */;
			productType = "com.apple.product-type.application";
		};
		B0FB86301CCA94D5000CA532 /* PhotoFlashBackTests */ = {
			isa = PBXNativeTarget;
			buildConfigurationList = B0FB86481CCA94D5000CA532 /* Build configuration list for PBXNativeTarget "PhotoFlashBackTests" */;
			buildPhases = (
				B0FB862D1CCA94D5000CA532 /* Sources */,
				B0FB862E1CCA94D5000CA532 /* Frameworks */,
				B0FB862F1CCA94D5000CA532 /* Resources */,
			);
			buildRules = (
			);
			dependencies = (
				B0FB86331CCA94D5000CA532 /* PBXTargetDependency */,
			);
			name = PhotoFlashBackTests;
			productName = PhotoFlashBackTests;
			productReference = B0FB86311CCA94D5000CA532 /* PhotoFlashBackTests.xctest */;
			productType = "com.apple.product-type.bundle.unit-test";
		};
		B0FB863B1CCA94D5000CA532 /* PhotoFlashBackUITests */ = {
			isa = PBXNativeTarget;
			buildConfigurationList = B0FB864B1CCA94D5000CA532 /* Build configuration list for PBXNativeTarget "PhotoFlashBackUITests" */;
			buildPhases = (
				B0FB86381CCA94D5000CA532 /* Sources */,
				B0FB86391CCA94D5000CA532 /* Frameworks */,
				B0FB863A1CCA94D5000CA532 /* Resources */,
			);
			buildRules = (
			);
			dependencies = (
				B0FB863E1CCA94D5000CA532 /* PBXTargetDependency */,
			);
			name = PhotoFlashBackUITests;
			productName = PhotoFlashBackUITests;
			productReference = B0FB863C1CCA94D5000CA532 /* PhotoFlashBackUITests.xctest */;
			productType = "com.apple.product-type.bundle.ui-testing";
		};
/* End PBXNativeTarget section */

/* Begin PBXProject section */
		B0FB86121CCA94D5000CA532 /* Project object */ = {
			isa = PBXProject;
			attributes = {
				LastSwiftUpdateCheck = 0730;
				LastUpgradeCheck = 0730;
				ORGANIZATIONNAME = "Yang Song";
				TargetAttributes = {
					B0B706FA1D3EC85D00A05DCB = {
						CreatedOnToolsVersion = 7.3;
						DevelopmentTeam = 4UXP3NANFN;
						LastSwiftMigration = 0830;
						ProvisioningStyle = Automatic;
					};
					B0FB86191CCA94D5000CA532 = {
						CreatedOnToolsVersion = 7.3;
						DevelopmentTeam = 4UXP3NANFN;
						LastSwiftMigration = 0830;
						ProvisioningStyle = Automatic;
						SystemCapabilities = {
							com.apple.InAppPurchase = {
								enabled = 1;
							};
						};
					};
					B0FB86301CCA94D5000CA532 = {
						CreatedOnToolsVersion = 7.3;
						LastSwiftMigration = 0830;
						TestTargetID = B0FB86191CCA94D5000CA532;
					};
					B0FB863B1CCA94D5000CA532 = {
						CreatedOnToolsVersion = 7.3;
						LastSwiftMigration = 0830;
						TestTargetID = B0FB86191CCA94D5000CA532;
					};
				};
			};
			buildConfigurationList = B0FB86151CCA94D5000CA532 /* Build configuration list for PBXProject "PhotoFlashBack" */;
			compatibilityVersion = "Xcode 3.2";
			developmentRegion = English;
			hasScannedForEncodings = 0;
			knownRegions = (
				en,
				Base,
			);
			mainGroup = B0FB86111CCA94D5000CA532;
			productRefGroup = B0FB861B1CCA94D5000CA532 /* Products */;
			projectDirPath = "";
			projectRoot = "";
			targets = (
				B0FB86191CCA94D5000CA532 /* PhotoFlashBack */,
				B0FB86301CCA94D5000CA532 /* PhotoFlashBackTests */,
				B0FB863B1CCA94D5000CA532 /* PhotoFlashBackUITests */,
				B0B706FA1D3EC85D00A05DCB /* TodayExtension */,
			);
		};
/* End PBXProject section */

/* Begin PBXResourcesBuildPhase section */
		B0B706F91D3EC85D00A05DCB /* Resources */ = {
			isa = PBXResourcesBuildPhase;
			buildActionMask = 2147483647;
			files = (
				B0B707031D3EC85D00A05DCB /* MainInterface.storyboard in Resources */,
			);
			runOnlyForDeploymentPostprocessing = 0;
		};
		B0FB86181CCA94D5000CA532 /* Resources */ = {
			isa = PBXResourcesBuildPhase;
			buildActionMask = 2147483647;
			files = (
				B0FB862B1CCA94D5000CA532 /* LaunchScreen.storyboard in Resources */,
				B0FB86281CCA94D5000CA532 /* Assets.xcassets in Resources */,
				614A45651FC52780000612FB /* chicago.gpx in Resources */,
				B0FB86231CCA94D5000CA532 /* Main.storyboard in Resources */,
			);
			runOnlyForDeploymentPostprocessing = 0;
		};
		B0FB862F1CCA94D5000CA532 /* Resources */ = {
			isa = PBXResourcesBuildPhase;
			buildActionMask = 2147483647;
			files = (
			);
			runOnlyForDeploymentPostprocessing = 0;
		};
		B0FB863A1CCA94D5000CA532 /* Resources */ = {
			isa = PBXResourcesBuildPhase;
			buildActionMask = 2147483647;
			files = (
			);
			runOnlyForDeploymentPostprocessing = 0;
		};
/* End PBXResourcesBuildPhase section */

/* Begin PBXShellScriptBuildPhase section */
		5911C1E9BDF567F1B8F68522 /* Copy Pods Resources */ = {
			isa = PBXShellScriptBuildPhase;
			buildActionMask = 2147483647;
			files = (
			);
			inputPaths = (
			);
			name = "Copy Pods Resources";
			outputPaths = (
			);
			runOnlyForDeploymentPostprocessing = 0;
			shellPath = /bin/sh;
			shellScript = "\"${SRCROOT}/Pods/Target Support Files/Pods-PhotoFlashBack/Pods-PhotoFlashBack-resources.sh\"\n";
			showEnvVarsInLog = 0;
		};
		AE444746D3B000FC076680FD /* Embed Pods Frameworks */ = {
			isa = PBXShellScriptBuildPhase;
			buildActionMask = 2147483647;
			files = (
			);
			inputPaths = (
			);
			name = "Embed Pods Frameworks";
			outputPaths = (
			);
			runOnlyForDeploymentPostprocessing = 0;
			shellPath = /bin/sh;
			shellScript = "\"${SRCROOT}/Pods/Target Support Files/Pods-PhotoFlashBack/Pods-PhotoFlashBack-frameworks.sh\"\n";
			showEnvVarsInLog = 0;
		};
		AF5691D82833E7AC52B7BBFE /* Check Pods Manifest.lock */ = {
			isa = PBXShellScriptBuildPhase;
			buildActionMask = 2147483647;
			files = (
			);
			inputPaths = (
			);
			name = "Check Pods Manifest.lock";
			outputPaths = (
			);
			runOnlyForDeploymentPostprocessing = 0;
			shellPath = /bin/sh;
			shellScript = "diff \"${PODS_ROOT}/../Podfile.lock\" \"${PODS_ROOT}/Manifest.lock\" > /dev/null\nif [[ $? != 0 ]] ; then\n    cat << EOM\nerror: The sandbox is not in sync with the Podfile.lock. Run 'pod install' or update your CocoaPods installation.\nEOM\n    exit 1\nfi\n";
			showEnvVarsInLog = 0;
		};
/* End PBXShellScriptBuildPhase section */

/* Begin PBXSourcesBuildPhase section */
		B0B706F71D3EC85D00A05DCB /* Sources */ = {
			isa = PBXSourcesBuildPhase;
			buildActionMask = 2147483647;
			files = (
				B0B707001D3EC85D00A05DCB /* TodayViewController.swift in Sources */,
			);
			runOnlyForDeploymentPostprocessing = 0;
		};
		B0FB86161CCA94D5000CA532 /* Sources */ = {
			isa = PBXSourcesBuildPhase;
			buildActionMask = 2147483647;
			files = (
				B0F273541D42821D008D31F6 /* RewindProducts.swift in Sources */,
				B0FB86261CCA94D5000CA532 /* PhotoFlashBack.xcdatamodeld in Sources */,
				B0FB864F1CCAAA83000CA532 /* PhotoCollectionViewCell.swift in Sources */,
				B0007BB71D42D31600BAB4C8 /* SettingViewController.swift in Sources */,
				B0FB86201CCA94D5000CA532 /* ViewController.swift in Sources */,
				B0FB86511CCAAE2C000CA532 /* TemporayDatePicker.swift in Sources */,
				B0F273521D4281D6008D31F6 /* IAPHelper.swift in Sources */,
				B0FB861E1CCA94D5000CA532 /* AppDelegate.swift in Sources */,
				B0007BB91D42D37E00BAB4C8 /* SettingCell.swift in Sources */,
			);
			runOnlyForDeploymentPostprocessing = 0;
		};
		B0FB862D1CCA94D5000CA532 /* Sources */ = {
			isa = PBXSourcesBuildPhase;
			buildActionMask = 2147483647;
			files = (
				B0FB86361CCA94D5000CA532 /* PhotoFlashBackTests.swift in Sources */,
			);
			runOnlyForDeploymentPostprocessing = 0;
		};
		B0FB86381CCA94D5000CA532 /* Sources */ = {
			isa = PBXSourcesBuildPhase;
			buildActionMask = 2147483647;
			files = (
				B0FB86411CCA94D5000CA532 /* PhotoFlashBackUITests.swift in Sources */,
			);
			runOnlyForDeploymentPostprocessing = 0;
		};
/* End PBXSourcesBuildPhase section */

/* Begin PBXTargetDependency section */
		B0B707061D3EC85D00A05DCB /* PBXTargetDependency */ = {
			isa = PBXTargetDependency;
			target = B0B706FA1D3EC85D00A05DCB /* TodayExtension */;
			targetProxy = B0B707051D3EC85D00A05DCB /* PBXContainerItemProxy */;
		};
		B0FB86331CCA94D5000CA532 /* PBXTargetDependency */ = {
			isa = PBXTargetDependency;
			target = B0FB86191CCA94D5000CA532 /* PhotoFlashBack */;
			targetProxy = B0FB86321CCA94D5000CA532 /* PBXContainerItemProxy */;
		};
		B0FB863E1CCA94D5000CA532 /* PBXTargetDependency */ = {
			isa = PBXTargetDependency;
			target = B0FB86191CCA94D5000CA532 /* PhotoFlashBack */;
			targetProxy = B0FB863D1CCA94D5000CA532 /* PBXContainerItemProxy */;
		};
/* End PBXTargetDependency section */

/* Begin PBXVariantGroup section */
		B0980D2A1D3E7C7700D6589A /* Interface.storyboard */ = {
			isa = PBXVariantGroup;
			children = (
				B0980D2B1D3E7C7700D6589A /* Base */,
			);
			name = Interface.storyboard;
			sourceTree = "<group>";
		};
		B0B707011D3EC85D00A05DCB /* MainInterface.storyboard */ = {
			isa = PBXVariantGroup;
			children = (
				B0B707021D3EC85D00A05DCB /* Base */,
			);
			name = MainInterface.storyboard;
			sourceTree = "<group>";
		};
		B0FB86211CCA94D5000CA532 /* Main.storyboard */ = {
			isa = PBXVariantGroup;
			children = (
				B0FB86221CCA94D5000CA532 /* Base */,
			);
			name = Main.storyboard;
			sourceTree = "<group>";
		};
		B0FB86291CCA94D5000CA532 /* LaunchScreen.storyboard */ = {
			isa = PBXVariantGroup;
			children = (
				B0FB862A1CCA94D5000CA532 /* Base */,
			);
			name = LaunchScreen.storyboard;
			sourceTree = "<group>";
		};
/* End PBXVariantGroup section */

/* Begin XCBuildConfiguration section */
		B0B707091D3EC85E00A05DCB /* Debug */ = {
			isa = XCBuildConfiguration;
			buildSettings = {
				CODE_SIGN_IDENTITY = "iPhone Developer: Yang Song (75B63ZMK76)";
				"CODE_SIGN_IDENTITY[sdk=iphoneos*]" = "iPhone Developer";
				DEVELOPMENT_TEAM = "";
				INFOPLIST_FILE = TodayExtension/Info.plist;
				LD_RUNPATH_SEARCH_PATHS = "$(inherited) @executable_path/Frameworks @executable_path/../../Frameworks";
				PRODUCT_BUNDLE_IDENTIFIER = com.YangSong.PhotoFlashBack.TodayExtension;
				PRODUCT_NAME = "$(TARGET_NAME)";
				PROVISIONING_PROFILE = "";
				PROVISIONING_PROFILE_SPECIFIER = "";
				SKIP_INSTALL = YES;
				SWIFT_VERSION = 3.0;
			};
			name = Debug;
		};
		B0B7070A1D3EC85E00A05DCB /* Release */ = {
			isa = XCBuildConfiguration;
			buildSettings = {
				CODE_SIGN_IDENTITY = "iPhone Distribution: Yang Song (4UXP3NANFN)";
				"CODE_SIGN_IDENTITY[sdk=iphoneos*]" = "iPhone Developer";
				DEVELOPMENT_TEAM = "";
				INFOPLIST_FILE = TodayExtension/Info.plist;
				LD_RUNPATH_SEARCH_PATHS = "$(inherited) @executable_path/Frameworks @executable_path/../../Frameworks";
				PRODUCT_BUNDLE_IDENTIFIER = com.YangSong.PhotoFlashBack.TodayExtension;
				PRODUCT_NAME = "$(TARGET_NAME)";
				PROVISIONING_PROFILE = "";
				PROVISIONING_PROFILE_SPECIFIER = "";
				SKIP_INSTALL = YES;
				SWIFT_VERSION = 3.0;
			};
			name = Release;
		};
		B0FB86431CCA94D5000CA532 /* Debug */ = {
			isa = XCBuildConfiguration;
			buildSettings = {
				ALWAYS_SEARCH_USER_PATHS = NO;
				CLANG_ANALYZER_NONNULL = YES;
				CLANG_CXX_LANGUAGE_STANDARD = "gnu++0x";
				CLANG_CXX_LIBRARY = "libc++";
				CLANG_ENABLE_MODULES = YES;
				CLANG_ENABLE_OBJC_ARC = YES;
				CLANG_WARN_BOOL_CONVERSION = YES;
				CLANG_WARN_CONSTANT_CONVERSION = YES;
				CLANG_WARN_DIRECT_OBJC_ISA_USAGE = YES_ERROR;
				CLANG_WARN_EMPTY_BODY = YES;
				CLANG_WARN_ENUM_CONVERSION = YES;
				CLANG_WARN_INT_CONVERSION = YES;
				CLANG_WARN_OBJC_ROOT_CLASS = YES_ERROR;
				CLANG_WARN_UNREACHABLE_CODE = YES;
				CLANG_WARN__DUPLICATE_METHOD_MATCH = YES;
				"CODE_SIGN_IDENTITY[sdk=iphoneos*]" = "iPhone Developer";
				COPY_PHASE_STRIP = NO;
				DEBUG_INFORMATION_FORMAT = dwarf;
				ENABLE_STRICT_OBJC_MSGSEND = YES;
				ENABLE_TESTABILITY = YES;
				GCC_C_LANGUAGE_STANDARD = gnu99;
				GCC_DYNAMIC_NO_PIC = NO;
				GCC_NO_COMMON_BLOCKS = YES;
				GCC_OPTIMIZATION_LEVEL = 0;
				GCC_PREPROCESSOR_DEFINITIONS = (
					"DEBUG=1",
					"$(inherited)",
				);
				GCC_WARN_64_TO_32_BIT_CONVERSION = YES;
				GCC_WARN_ABOUT_RETURN_TYPE = YES_ERROR;
				GCC_WARN_UNDECLARED_SELECTOR = YES;
				GCC_WARN_UNINITIALIZED_AUTOS = YES_AGGRESSIVE;
				GCC_WARN_UNUSED_FUNCTION = YES;
				GCC_WARN_UNUSED_VARIABLE = YES;
				IPHONEOS_DEPLOYMENT_TARGET = 9.3;
				MTL_ENABLE_DEBUG_INFO = YES;
				ONLY_ACTIVE_ARCH = YES;
				SDKROOT = iphoneos;
				SWIFT_OPTIMIZATION_LEVEL = "-Onone";
				TARGETED_DEVICE_FAMILY = "1,2";
			};
			name = Debug;
		};
		B0FB86441CCA94D5000CA532 /* Release */ = {
			isa = XCBuildConfiguration;
			buildSettings = {
				ALWAYS_SEARCH_USER_PATHS = NO;
				CLANG_ANALYZER_NONNULL = YES;
				CLANG_CXX_LANGUAGE_STANDARD = "gnu++0x";
				CLANG_CXX_LIBRARY = "libc++";
				CLANG_ENABLE_MODULES = YES;
				CLANG_ENABLE_OBJC_ARC = YES;
				CLANG_WARN_BOOL_CONVERSION = YES;
				CLANG_WARN_CONSTANT_CONVERSION = YES;
				CLANG_WARN_DIRECT_OBJC_ISA_USAGE = YES_ERROR;
				CLANG_WARN_EMPTY_BODY = YES;
				CLANG_WARN_ENUM_CONVERSION = YES;
				CLANG_WARN_INT_CONVERSION = YES;
				CLANG_WARN_OBJC_ROOT_CLASS = YES_ERROR;
				CLANG_WARN_UNREACHABLE_CODE = YES;
				CLANG_WARN__DUPLICATE_METHOD_MATCH = YES;
				CODE_SIGN_IDENTITY = "iPhone Distribution: Yang Song (4UXP3NANFN)";
				"CODE_SIGN_IDENTITY[sdk=iphoneos*]" = "iPhone Distribution: Yang Song (4UXP3NANFN)";
				COPY_PHASE_STRIP = NO;
				DEBUG_INFORMATION_FORMAT = "dwarf-with-dsym";
				ENABLE_NS_ASSERTIONS = NO;
				ENABLE_STRICT_OBJC_MSGSEND = YES;
				GCC_C_LANGUAGE_STANDARD = gnu99;
				GCC_NO_COMMON_BLOCKS = YES;
				GCC_WARN_64_TO_32_BIT_CONVERSION = YES;
				GCC_WARN_ABOUT_RETURN_TYPE = YES_ERROR;
				GCC_WARN_UNDECLARED_SELECTOR = YES;
				GCC_WARN_UNINITIALIZED_AUTOS = YES_AGGRESSIVE;
				GCC_WARN_UNUSED_FUNCTION = YES;
				GCC_WARN_UNUSED_VARIABLE = YES;
				IPHONEOS_DEPLOYMENT_TARGET = 9.3;
				MTL_ENABLE_DEBUG_INFO = NO;
				SDKROOT = iphoneos;
				TARGETED_DEVICE_FAMILY = "1,2";
				VALIDATE_PRODUCT = YES;
			};
			name = Release;
		};
		B0FB86461CCA94D5000CA532 /* Debug */ = {
			isa = XCBuildConfiguration;
			baseConfigurationReference = 99CA3AB1113ACCC5482CD1B0 /* Pods-PhotoFlashBack.debug.xcconfig */;
			buildSettings = {
				ASSETCATALOG_COMPILER_APPICON_NAME = AppIcon;
				CODE_SIGN_IDENTITY = "iPhone Developer: Yang Song (75B63ZMK76)";
				"CODE_SIGN_IDENTITY[sdk=iphoneos*]" = "iPhone Developer";
				DEVELOPMENT_TEAM = "";
				EMBEDDED_CONTENT_CONTAINS_SWIFT = YES;
				INFOPLIST_FILE = PhotoFlashBack/Info.plist;
				LD_RUNPATH_SEARCH_PATHS = "$(inherited) @executable_path/Frameworks";
				PRODUCT_BUNDLE_IDENTIFIER = com.YangSong.PhotoFlashBack;
				PRODUCT_NAME = "$(TARGET_NAME)";
				PROVISIONING_PROFILE = "";
				PROVISIONING_PROFILE_SPECIFIER = "";
				SWIFT_VERSION = 3.0;
			};
			name = Debug;
		};
		B0FB86471CCA94D5000CA532 /* Release */ = {
			isa = XCBuildConfiguration;
			baseConfigurationReference = 255A923F95958254345826D3 /* Pods-PhotoFlashBack.release.xcconfig */;
			buildSettings = {
				ASSETCATALOG_COMPILER_APPICON_NAME = AppIcon;
				CODE_SIGN_IDENTITY = "iPhone Distribution: Yang Song (4UXP3NANFN)";
				"CODE_SIGN_IDENTITY[sdk=iphoneos*]" = "iPhone Developer";
				DEVELOPMENT_TEAM = "";
				EMBEDDED_CONTENT_CONTAINS_SWIFT = YES;
				INFOPLIST_FILE = PhotoFlashBack/Info.plist;
				LD_RUNPATH_SEARCH_PATHS = "$(inherited) @executable_path/Frameworks";
				PRODUCT_BUNDLE_IDENTIFIER = com.YangSong.PhotoFlashBack;
				PRODUCT_NAME = "$(TARGET_NAME)";
				PROVISIONING_PROFILE = "";
				PROVISIONING_PROFILE_SPECIFIER = "";
				SWIFT_VERSION = 3.0;
			};
			name = Release;
		};
		B0FB86491CCA94D5000CA532 /* Debug */ = {
			isa = XCBuildConfiguration;
			buildSettings = {
				BUNDLE_LOADER = "$(TEST_HOST)";
				INFOPLIST_FILE = PhotoFlashBackTests/Info.plist;
				LD_RUNPATH_SEARCH_PATHS = "$(inherited) @executable_path/Frameworks @loader_path/Frameworks";
				PRODUCT_BUNDLE_IDENTIFIER = com.YangSong.PhotoFlashBackTests;
				PRODUCT_NAME = "$(TARGET_NAME)";
				SWIFT_VERSION = 3.0;
				TEST_HOST = "$(BUILT_PRODUCTS_DIR)/PhotoFlashBack.app/PhotoFlashBack";
			};
			name = Debug;
		};
		B0FB864A1CCA94D5000CA532 /* Release */ = {
			isa = XCBuildConfiguration;
			buildSettings = {
				BUNDLE_LOADER = "$(TEST_HOST)";
				INFOPLIST_FILE = PhotoFlashBackTests/Info.plist;
				LD_RUNPATH_SEARCH_PATHS = "$(inherited) @executable_path/Frameworks @loader_path/Frameworks";
				PRODUCT_BUNDLE_IDENTIFIER = com.YangSong.PhotoFlashBackTests;
				PRODUCT_NAME = "$(TARGET_NAME)";
				SWIFT_VERSION = 3.0;
				TEST_HOST = "$(BUILT_PRODUCTS_DIR)/PhotoFlashBack.app/PhotoFlashBack";
			};
			name = Release;
		};
		B0FB864C1CCA94D5000CA532 /* Debug */ = {
			isa = XCBuildConfiguration;
			buildSettings = {
				INFOPLIST_FILE = PhotoFlashBackUITests/Info.plist;
				LD_RUNPATH_SEARCH_PATHS = "$(inherited) @executable_path/Frameworks @loader_path/Frameworks";
				PRODUCT_BUNDLE_IDENTIFIER = com.YangSong.PhotoFlashBackUITests;
				PRODUCT_NAME = "$(TARGET_NAME)";
				SWIFT_VERSION = 3.0;
				TEST_TARGET_NAME = PhotoFlashBack;
			};
			name = Debug;
		};
		B0FB864D1CCA94D5000CA532 /* Release */ = {
			isa = XCBuildConfiguration;
			buildSettings = {
				INFOPLIST_FILE = PhotoFlashBackUITests/Info.plist;
				LD_RUNPATH_SEARCH_PATHS = "$(inherited) @executable_path/Frameworks @loader_path/Frameworks";
				PRODUCT_BUNDLE_IDENTIFIER = com.YangSong.PhotoFlashBackUITests;
				PRODUCT_NAME = "$(TARGET_NAME)";
				SWIFT_VERSION = 3.0;
				TEST_TARGET_NAME = PhotoFlashBack;
			};
			name = Release;
		};
/* End XCBuildConfiguration section */

/* Begin XCConfigurationList section */
		B0B707081D3EC85E00A05DCB /* Build configuration list for PBXNativeTarget "TodayExtension" */ = {
			isa = XCConfigurationList;
			buildConfigurations = (
				B0B707091D3EC85E00A05DCB /* Debug */,
				B0B7070A1D3EC85E00A05DCB /* Release */,
			);
			defaultConfigurationIsVisible = 0;
			defaultConfigurationName = Release;
		};
		B0FB86151CCA94D5000CA532 /* Build configuration list for PBXProject "PhotoFlashBack" */ = {
			isa = XCConfigurationList;
			buildConfigurations = (
				B0FB86431CCA94D5000CA532 /* Debug */,
				B0FB86441CCA94D5000CA532 /* Release */,
			);
			defaultConfigurationIsVisible = 0;
			defaultConfigurationName = Release;
		};
		B0FB86451CCA94D5000CA532 /* Build configuration list for PBXNativeTarget "PhotoFlashBack" */ = {
			isa = XCConfigurationList;
			buildConfigurations = (
				B0FB86461CCA94D5000CA532 /* Debug */,
				B0FB86471CCA94D5000CA532 /* Release */,
			);
			defaultConfigurationIsVisible = 0;
			defaultConfigurationName = Release;
		};
		B0FB86481CCA94D5000CA532 /* Build configuration list for PBXNativeTarget "PhotoFlashBackTests" */ = {
			isa = XCConfigurationList;
			buildConfigurations = (
				B0FB86491CCA94D5000CA532 /* Debug */,
				B0FB864A1CCA94D5000CA532 /* Release */,
			);
			defaultConfigurationIsVisible = 0;
			defaultConfigurationName = Release;
		};
		B0FB864B1CCA94D5000CA532 /* Build configuration list for PBXNativeTarget "PhotoFlashBackUITests" */ = {
			isa = XCConfigurationList;
			buildConfigurations = (
				B0FB864C1CCA94D5000CA532 /* Debug */,
				B0FB864D1CCA94D5000CA532 /* Release */,
			);
			defaultConfigurationIsVisible = 0;
			defaultConfigurationName = Release;
		};
/* End XCConfigurationList section */

/* Begin XCVersionGroup section */
		B0FB86241CCA94D5000CA532 /* PhotoFlashBack.xcdatamodeld */ = {
			isa = XCVersionGroup;
			children = (
				B0FB86251CCA94D5000CA532 /* PhotoFlashBack.xcdatamodel */,
			);
			currentVersion = B0FB86251CCA94D5000CA532 /* PhotoFlashBack.xcdatamodel */;
			path = PhotoFlashBack.xcdatamodeld;
			sourceTree = "<group>";
			versionGroupType = wrapper.xcdatamodel;
		};
/* End XCVersionGroup section */
	};
	rootObject = B0FB86121CCA94D5000CA532 /* Project object */;
}
